// !$*UTF8*$!
{
	archiveVersion = 1;
	classes = {
	};
	objectVersion = 46;
	objects = {

/* Begin PBXBuildFile section */
		434885E11C7D8BDB00A74872 /* AppDelegate.swift in Sources */ = {isa = PBXBuildFile; fileRef = 434885E01C7D8BDB00A74872 /* AppDelegate.swift */; };
		434885E31C7D8BDB00A74872 /* ViewController.swift in Sources */ = {isa = PBXBuildFile; fileRef = 434885E21C7D8BDB00A74872 /* ViewController.swift */; };
		434885E61C7D8BDB00A74872 /* Main.storyboard in Resources */ = {isa = PBXBuildFile; fileRef = 434885E41C7D8BDB00A74872 /* Main.storyboard */; };
		434885E81C7D8BDB00A74872 /* Assets.xcassets in Resources */ = {isa = PBXBuildFile; fileRef = 434885E71C7D8BDB00A74872 /* Assets.xcassets */; };
		434885EB1C7D8BDB00A74872 /* LaunchScreen.storyboard in Resources */ = {isa = PBXBuildFile; fileRef = 434885E91C7D8BDB00A74872 /* LaunchScreen.storyboard */; };
		434885F61C7D8BDC00A74872 /* TipsterTests.swift in Sources */ = {isa = PBXBuildFile; fileRef = 434885F51C7D8BDC00A74872 /* TipsterTests.swift */; };
		434886011C7D8BDC00A74872 /* TipsterUITests.swift in Sources */ = {isa = PBXBuildFile; fileRef = 434886001C7D8BDC00A74872 /* TipsterUITests.swift */; };
/* End PBXBuildFile section */

/* Begin PBXContainerItemProxy section */
		434885F21C7D8BDC00A74872 /* PBXContainerItemProxy */ = {
			isa = PBXContainerItemProxy;
			containerPortal = 434885D51C7D8BDB00A74872 /* Project object */;
			proxyType = 1;
			remoteGlobalIDString = 434885DC1C7D8BDB00A74872;
			remoteInfo = Tipster;
		};
		434885FD1C7D8BDC00A74872 /* PBXContainerItemProxy */ = {
			isa = PBXContainerItemProxy;
			containerPortal = 434885D51C7D8BDB00A74872 /* Project object */;
			proxyType = 1;
			remoteGlobalIDString = 434885DC1C7D8BDB00A74872;
			remoteInfo = Tipster;
		};
/* End PBXContainerItemProxy section */

/* Begin PBXFileReference section */
		434885DD1C7D8BDB00A74872 /* Tipster.app */ = {isa = PBXFileReference; explicitFileType = wrapper.application; includeInIndex = 0; path = Tipster.app; sourceTree = BUILT_PRODUCTS_DIR; };
		434885E01C7D8BDB00A74872 /* AppDelegate.swift */ = {isa = PBXFileReference; lastKnownFileType = sourcecode.swift; path = AppDelegate.swift; sourceTree = "<group>"; };
		434885E21C7D8BDB00A74872 /* ViewController.swift */ = {isa = PBXFileReference; lastKnownFileType = sourcecode.swift; path = ViewController.swift; sourceTree = "<group>"; };
		434885E51C7D8BDB00A74872 /* Base */ = {isa = PBXFileReference; lastKnownFileType = file.storyboard; name = Base; path = Base.lproj/Main.storyboard; sourceTree = "<group>"; };
		434885E71C7D8BDB00A74872 /* Assets.xcassets */ = {isa = PBXFileReference; lastKnownFileType = folder.assetcatalog; path = Assets.xcassets; sourceTree = "<group>"; };
		434885EA1C7D8BDB00A74872 /* Base */ = {isa = PBXFileReference; lastKnownFileType = file.storyboard; name = Base; path = Base.lproj/LaunchScreen.storyboard; sourceTree = "<group>"; };
		434885EC1C7D8BDB00A74872 /* Info.plist */ = {isa = PBXFileReference; lastKnownFileType = text.plist.xml; path = Info.plist; sourceTree = "<group>"; };
		434885F11C7D8BDC00A74872 /* TipsterTests.xctest */ = {isa = PBXFileReference; explicitFileType = wrapper.cfbundle; includeInIndex = 0; path = TipsterTests.xctest; sourceTree = BUILT_PRODUCTS_DIR; };
		434885F51C7D8BDC00A74872 /* TipsterTests.swift */ = {isa = PBXFileReference; lastKnownFileType = sourcecode.swift; path = TipsterTests.swift; sourceTree = "<group>"; };
		434885F71C7D8BDC00A74872 /* Info.plist */ = {isa = PBXFileReference; lastKnownFileType = text.plist.xml; path = Info.plist; sourceTree = "<group>"; };
		434885FC1C7D8BDC00A74872 /* TipsterUITests.xctest */ = {isa = PBXFileReference; explicitFileType = wrapper.cfbundle; includeInIndex = 0; path = TipsterUITests.xctest; sourceTree = BUILT_PRODUCTS_DIR; };
		434886001C7D8BDC00A74872 /* TipsterUITests.swift */ = {isa = PBXFileReference; lastKnownFileType = sourcecode.swift; path = TipsterUITests.swift; sourceTree = "<group>"; };
		434886021C7D8BDC00A74872 /* Info.plist */ = {isa = PBXFileReference; lastKnownFileType = text.plist.xml; path = Info.plist; sourceTree = "<group>"; };
/* End PBXFileReference section */

/* Begin PBXFrameworksBuildPhase section */
		434885DA1C7D8BDB00A74872 /* Frameworks */ = {
			isa = PBXFrameworksBuildPhase;
			buildActionMask = 2147483647;
			files = (
			);
			runOnlyForDeploymentPostprocessing = 0;
		};
		434885EE1C7D8BDC00A74872 /* Frameworks */ = {
			isa = PBXFrameworksBuildPhase;
			buildActionMask = 2147483647;
			files = (
			);
			runOnlyForDeploymentPostprocessing = 0;
		};
		434885F91C7D8BDC00A74872 /* Frameworks */ = {
			isa = PBXFrameworksBuildPhase;
			buildActionMask = 2147483647;
			files = (
			);
			runOnlyForDeploymentPostprocessing = 0;
		};
/* End PBXFrameworksBuildPhase section */

/* Begin PBXGroup section */
		434885D41C7D8BDB00A74872 = {
			isa = PBXGroup;
			children = (
				434885DF1C7D8BDB00A74872 /* Tipster */,
				434885F41C7D8BDC00A74872 /* TipsterTests */,
				434885FF1C7D8BDC00A74872 /* TipsterUITests */,
				434885DE1C7D8BDB00A74872 /* Products */,
			);
			sourceTree = "<group>";
		};
		434885DE1C7D8BDB00A74872 /* Products */ = {
			isa = PBXGroup;
			children = (
				434885DD1C7D8BDB00A74872 /* Tipster.app */,
				434885F11C7D8BDC00A74872 /* TipsterTests.xctest */,
				434885FC1C7D8BDC00A74872 /* TipsterUITests.xctest */,
			);
			name = Products;
			sourceTree = "<group>";
		};
		434885DF1C7D8BDB00A74872 /* Tipster */ = {
			isa = PBXGroup;
			children = (
				434885E01C7D8BDB00A74872 /* AppDelegate.swift */,
				434885E21C7D8BDB00A74872 /* ViewController.swift */,
				434885E41C7D8BDB00A74872 /* Main.storyboard */,
				434885E71C7D8BDB00A74872 /* Assets.xcassets */,
				434885E91C7D8BDB00A74872 /* LaunchScreen.storyboard */,
				434885EC1C7D8BDB00A74872 /* Info.plist */,
			);
			path = Tipster;
			sourceTree = "<group>";
		};
		434885F41C7D8BDC00A74872 /* TipsterTests */ = {
			isa = PBXGroup;
			children = (
				434885F51C7D8BDC00A74872 /* TipsterTests.swift */,
				434885F71C7D8BDC00A74872 /* Info.plist */,
			);
			path = TipsterTests;
			sourceTree = "<group>";
		};
		434885FF1C7D8BDC00A74872 /* TipsterUITests */ = {
			isa = PBXGroup;
			children = (
				434886001C7D8BDC00A74872 /* TipsterUITests.swift */,
				434886021C7D8BDC00A74872 /* Info.plist */,
			);
			path = TipsterUITests;
			sourceTree = "<group>";
		};
/* End PBXGroup section */

/* Begin PBXNativeTarget section */
		434885DC1C7D8BDB00A74872 /* Tipster */ = {
			isa = PBXNativeTarget;
			buildConfigurationList = 434886051C7D8BDC00A74872 /* Build configuration list for PBXNativeTarget "Tipster" */;
			buildPhases = (
				434885D91C7D8BDB00A74872 /* Sources */,
				434885DA1C7D8BDB00A74872 /* Frameworks */,
				434885DB1C7D8BDB00A74872 /* Resources */,
			);
			buildRules = (
			);
			dependencies = (
			);
			name = Tipster;
			productName = Tipster;
			productReference = 434885DD1C7D8BDB00A74872 /* Tipster.app */;
			productType = "com.apple.product-type.application";
		};
		434885F01C7D8BDC00A74872 /* TipsterTests */ = {
			isa = PBXNativeTarget;
			buildConfigurationList = 434886081C7D8BDC00A74872 /* Build configuration list for PBXNativeTarget "TipsterTests" */;
			buildPhases = (
				434885ED1C7D8BDC00A74872 /* Sources */,
				434885EE1C7D8BDC00A74872 /* Frameworks */,
				434885EF1C7D8BDC00A74872 /* Resources */,
			);
			buildRules = (
			);
			dependencies = (
				434885F31C7D8BDC00A74872 /* PBXTargetDependency */,
			);
			name = TipsterTests;
			productName = TipsterTests;
			productReference = 434885F11C7D8BDC00A74872 /* TipsterTests.xctest */;
			productType = "com.apple.product-type.bundle.unit-test";
		};
		434885FB1C7D8BDC00A74872 /* TipsterUITests */ = {
			isa = PBXNativeTarget;
			buildConfigurationList = 4348860B1C7D8BDC00A74872 /* Build configuration list for PBXNativeTarget "TipsterUITests" */;
			buildPhases = (
				434885F81C7D8BDC00A74872 /* Sources */,
				434885F91C7D8BDC00A74872 /* Frameworks */,
				434885FA1C7D8BDC00A74872 /* Resources */,
			);
			buildRules = (
			);
			dependencies = (
				434885FE1C7D8BDC00A74872 /* PBXTargetDependency */,
			);
			name = TipsterUITests;
			productName = TipsterUITests;
			productReference = 434885FC1C7D8BDC00A74872 /* TipsterUITests.xctest */;
			productType = "com.apple.product-type.bundle.ui-testing";
		};
/* End PBXNativeTarget section */

/* Begin PBXProject section */
		434885D51C7D8BDB00A74872 /* Project object */ = {
			isa = PBXProject;
			attributes = {
				LastSwiftUpdateCheck = 0720;
				LastUpgradeCheck = 0720;
				ORGANIZATIONNAME = "Brittany Truex";
				TargetAttributes = {
					434885DC1C7D8BDB00A74872 = {
						CreatedOnToolsVersion = 7.2.1;
					};
					434885F01C7D8BDC00A74872 = {
						CreatedOnToolsVersion = 7.2.1;
						TestTargetID = 434885DC1C7D8BDB00A74872;
					};
					434885FB1C7D8BDC00A74872 = {
						CreatedOnToolsVersion = 7.2.1;
						TestTargetID = 434885DC1C7D8BDB00A74872;
					};
				};
			};
			buildConfigurationList = 434885D81C7D8BDB00A74872 /* Build configuration list for PBXProject "Tipster" */;
			compatibilityVersion = "Xcode 3.2";
			developmentRegion = English;
			hasScannedForEncodings = 0;
			knownRegions = (
				en,
				Base,
			);
			mainGroup = 434885D41C7D8BDB00A74872;
			productRefGroup = 434885DE1C7D8BDB00A74872 /* Products */;
			projectDirPath = "";
			projectRoot = "";
			targets = (
				434885DC1C7D8BDB00A74872 /* Tipster */,
				434885F01C7D8BDC00A74872 /* TipsterTests */,
				434885FB1C7D8BDC00A74872 /* TipsterUITests */,
			);
		};
/* End PBXProject section */

/* Begin PBXResourcesBuildPhase section */
		434885DB1C7D8BDB00A74872 /* Resources */ = {
			isa = PBXResourcesBuildPhase;
			buildActionMask = 2147483647;
			files = (
				434885EB1C7D8BDB00A74872 /* LaunchScreen.storyboard in Resources */,
				434885E81C7D8BDB00A74872 /* Assets.xcassets in Resources */,
				434885E61C7D8BDB00A74872 /* Main.storyboard in Resources */,
			);
			runOnlyForDeploymentPostprocessing = 0;
		};
		434885EF1C7D8BDC00A74872 /* Resources */ = {
			isa = PBXResourcesBuildPhase;
			buildActionMask = 2147483647;
			files = (
			);
			runOnlyForDeploymentPostprocessing = 0;
		};
		434885FA1C7D8BDC00A74872 /* Resources */ = {
			isa = PBXResourcesBuildPhase;
			buildActionMask = 2147483647;
			files = (
			);
			runOnlyForDeploymentPostprocessing = 0;
		};
/* End PBXResourcesBuildPhase section */

/* Begin PBXSourcesBuildPhase section */
		434885D91C7D8BDB00A74872 /* Sources */ = {
			isa = PBXSourcesBuildPhase;
			buildActionMask = 2147483647;
			files = (
				434885E31C7D8BDB00A74872 /* ViewController.swift in Sources */,
				434885E11C7D8BDB00A74872 /* AppDelegate.swift in Sources */,
			);
			runOnlyForDeploymentPostprocessing = 0;
		};
		434885ED1C7D8BDC00A74872 /* Sources */ = {
			isa = PBXSourcesBuildPhase;
			buildActionMask = 2147483647;
			files = (
				434885F61C7D8BDC00A74872 /* TipsterTests.swift in Sources */,
			);
			runOnlyForDeploymentPostprocessing = 0;
		};
		434885F81C7D8BDC00A74872 /* Sources */ = {
			isa = PBXSourcesBuildPhase;
			buildActionMask = 2147483647;
			files = (
				434886011C7D8BDC00A74872 /* TipsterUITests.swift in Sources */,
			);
			runOnlyForDeploymentPostprocessing = 0;
		};
/* End PBXSourcesBuildPhase section */

/* Begin PBXTargetDependency section */
		434885F31C7D8BDC00A74872 /* PBXTargetDependency */ = {
			isa = PBXTargetDependency;
			target = 434885DC1C7D8BDB00A74872 /* Tipster */;
			targetProxy = 434885F21C7D8BDC00A74872 /* PBXContainerItemProxy */;
		};
		434885FE1C7D8BDC00A74872 /* PBXTargetDependency */ = {
			isa = PBXTargetDependency;
			target = 434885DC1C7D8BDB00A74872 /* Tipster */;
			targetProxy = 434885FD1C7D8BDC00A74872 /* PBXContainerItemProxy */;
		};
/* End PBXTargetDependency section */

/* Begin PBXVariantGroup section */
		434885E41C7D8BDB00A74872 /* Main.storyboard */ = {
			isa = PBXVariantGroup;
			children = (
				434885E51C7D8BDB00A74872 /* Base */,
			);
			name = Main.storyboard;
			sourceTree = "<group>";
		};
		434885E91C7D8BDB00A74872 /* LaunchScreen.storyboard */ = {
			isa = PBXVariantGroup;
			children = (
				434885EA1C7D8BDB00A74872 /* Base */,
			);
			name = LaunchScreen.storyboard;
			sourceTree = "<group>";
		};
/* End PBXVariantGroup section */

/* Begin XCBuildConfiguration section */
		434886031C7D8BDC00A74872 /* Debug */ = {
			isa = XCBuildConfiguration;
			buildSettings = {
				ALWAYS_SEARCH_USER_PATHS = NO;
				CLANG_CXX_LANGUAGE_STANDARD = "gnu++0x";
				CLANG_CXX_LIBRARY = "libc++";
				CLANG_ENABLE_MODULES = YES;
				CLANG_ENABLE_OBJC_ARC = YES;
				CLANG_WARN_BOOL_CONVERSION = YES;
				CLANG_WARN_CONSTANT_CONVERSION = YES;
				CLANG_WARN_DIRECT_OBJC_ISA_USAGE = YES_ERROR;
				CLANG_WARN_EMPTY_BODY = YES;
				CLANG_WARN_ENUM_CONVERSION = YES;
				CLANG_WARN_INT_CONVERSION = YES;
				CLANG_WARN_OBJC_ROOT_CLASS = YES_ERROR;
				CLANG_WARN_UNREACHABLE_CODE = YES;
				CLANG_WARN__DUPLICATE_METHOD_MATCH = YES;
				"CODE_SIGN_IDENTITY[sdk=iphoneos*]" = "iPhone Developer";
				COPY_PHASE_STRIP = NO;
				DEBUG_INFORMATION_FORMAT = dwarf;
				ENABLE_STRICT_OBJC_MSGSEND = YES;
				ENABLE_TESTABILITY = YES;
				GCC_C_LANGUAGE_STANDARD = gnu99;
				GCC_DYNAMIC_NO_PIC = NO;
				GCC_NO_COMMON_BLOCKS = YES;
				GCC_OPTIMIZATION_LEVEL = 0;
				GCC_PREPROCESSOR_DEFINITIONS = (
					"DEBUG=1",
					"$(inherited)",
				);
				GCC_WARN_64_TO_32_BIT_CONVERSION = YES;
				GCC_WARN_ABOUT_RETURN_TYPE = YES_ERROR;
				GCC_WARN_UNDECLARED_SELECTOR = YES;
				GCC_WARN_UNINITIALIZED_AUTOS = YES_AGGRESSIVE;
				GCC_WARN_UNUSED_FUNCTION = YES;
				GCC_WARN_UNUSED_VARIABLE = YES;
				IPHONEOS_DEPLOYMENT_TARGET = 9.2;
				MTL_ENABLE_DEBUG_INFO = YES;
				ONLY_ACTIVE_ARCH = YES;
				SDKROOT = iphoneos;
				SWIFT_OPTIMIZATION_LEVEL = "-Onone";
			};
			name = Debug;
		};
		434886041C7D8BDC00A74872 /* Release */ = {
			isa = XCBuildConfiguration;
			buildSettings = {
				ALWAYS_SEARCH_USER_PATHS = NO;
				CLANG_CXX_LANGUAGE_STANDARD = "gnu++0x";
				CLANG_CXX_LIBRARY = "libc++";
				CLANG_ENABLE_MODULES = YES;
				CLANG_ENABLE_OBJC_ARC = YES;
				CLANG_WARN_BOOL_CONVERSION = YES;
				CLANG_WARN_CONSTANT_CONVERSION = YES;
				CLANG_WARN_DIRECT_OBJC_ISA_USAGE = YES_ERROR;
				CLANG_WARN_EMPTY_BODY = YES;
				CLANG_WARN_ENUM_CONVERSION = YES;
				CLANG_WARN_INT_CONVERSION = YES;
				CLANG_WARN_OBJC_ROOT_CLASS = YES_ERROR;
				CLANG_WARN_UNREACHABLE_CODE = YES;
				CLANG_WARN__DUPLICATE_METHOD_MATCH = YES;
				"CODE_SIGN_IDENTITY[sdk=iphoneos*]" = "iPhone Developer";
				COPY_PHASE_STRIP = NO;
				DEBUG_INFORMATION_FORMAT = "dwarf-with-dsym";
				ENABLE_NS_ASSERTIONS = NO;
				ENABLE_STRICT_OBJC_MSGSEND = YES;
				GCC_C_LANGUAGE_STANDARD = gnu99;
				GCC_NO_COMMON_BLOCKS = YES;
				GCC_WARN_64_TO_32_BIT_CONVERSION = YES;
				GCC_WARN_ABOUT_RETURN_TYPE = YES_ERROR;
				GCC_WARN_UNDECLARED_SELECTOR = YES;
				GCC_WARN_UNINITIALIZED_AUTOS = YES_AGGRESSIVE;
				GCC_WARN_UNUSED_FUNCTION = YES;
				GCC_WARN_UNUSED_VARIABLE = YES;
				IPHONEOS_DEPLOYMENT_TARGET = 9.2;
				MTL_ENABLE_DEBUG_INFO = NO;
				SDKROOT = iphoneos;
				VALIDATE_PRODUCT = YES;
			};
			name = Release;
		};
		434886061C7D8BDC00A74872 /* Debug */ = {
			isa = XCBuildConfiguration;
			buildSettings = {
				ASSETCATALOG_COMPILER_APPICON_NAME = AppIcon;
				INFOPLIST_FILE = Tipster/Info.plist;
				LD_RUNPATH_SEARCH_PATHS = "$(inherited) @executable_path/Frameworks";
				PRODUCT_BUNDLE_IDENTIFIER = CodePath.Tipster;
				PRODUCT_NAME = "$(TARGET_NAME)";
			};
			name = Debug;
		};
		434886071C7D8BDC00A74872 /* Release */ = {
			isa = XCBuildConfiguration;
			buildSettings = {
				ASSETCATALOG_COMPILER_APPICON_NAME = AppIcon;
				INFOPLIST_FILE = Tipster/Info.plist;
				LD_RUNPATH_SEARCH_PATHS = "$(inherited) @executable_path/Frameworks";
				PRODUCT_BUNDLE_IDENTIFIER = CodePath.Tipster;
				PRODUCT_NAME = "$(TARGET_NAME)";
			};
			name = Release;
		};
		434886091C7D8BDC00A74872 /* Debug */ = {
			isa = XCBuildConfiguration;
			buildSettings = {
				BUNDLE_LOADER = "$(TEST_HOST)";
				INFOPLIST_FILE = TipsterTests/Info.plist;
				LD_RUNPATH_SEARCH_PATHS = "$(inherited) @executable_path/Frameworks @loader_path/Frameworks";
				PRODUCT_BUNDLE_IDENTIFIER = CodePath.TipsterTests;
				PRODUCT_NAME = "$(TARGET_NAME)";
				TEST_HOST = "$(BUILT_PRODUCTS_DIR)/Tipster.app/Tipster";
			};
			name = Debug;
		};
		4348860A1C7D8BDC00A74872 /* Release */ = {
			isa = XCBuildConfiguration;
			buildSettings = {
				BUNDLE_LOADER = "$(TEST_HOST)";
				INFOPLIST_FILE = TipsterTests/Info.plist;
				LD_RUNPATH_SEARCH_PATHS = "$(inherited) @executable_path/Frameworks @loader_path/Frameworks";
				PRODUCT_BUNDLE_IDENTIFIER = CodePath.TipsterTests;
				PRODUCT_NAME = "$(TARGET_NAME)";
				TEST_HOST = "$(BUILT_PRODUCTS_DIR)/Tipster.app/Tipster";
			};
			name = Release;
		};
		4348860C1C7D8BDC00A74872 /* Debug */ = {
			isa = XCBuildConfiguration;
			buildSettings = {
				INFOPLIST_FILE = TipsterUITests/Info.plist;
				LD_RUNPATH_SEARCH_PATHS = "$(inherited) @executable_path/Frameworks @loader_path/Frameworks";
				PRODUCT_BUNDLE_IDENTIFIER = CodePath.TipsterUITests;
				PRODUCT_NAME = "$(TARGET_NAME)";
				TEST_TARGET_NAME = Tipster;
				USES_XCTRUNNER = YES;
			};
			name = Debug;
		};
		4348860D1C7D8BDC00A74872 /* Release */ = {
			isa = XCBuildConfiguration;
			buildSettings = {
				INFOPLIST_FILE = TipsterUITests/Info.plist;
				LD_RUNPATH_SEARCH_PATHS = "$(inherited) @executable_path/Frameworks @loader_path/Frameworks";
				PRODUCT_BUNDLE_IDENTIFIER = CodePath.TipsterUITests;
				PRODUCT_NAME = "$(TARGET_NAME)";
				TEST_TARGET_NAME = Tipster;
				USES_XCTRUNNER = YES;
			};
			name = Release;
		};
/* End XCBuildConfiguration section */

/* Begin XCConfigurationList section */
		434885D81C7D8BDB00A74872 /* Build configuration list for PBXProject "Tipster" */ = {
			isa = XCConfigurationList;
			buildConfigurations = (
				434886031C7D8BDC00A74872 /* Debug */,
				434886041C7D8BDC00A74872 /* Release */,
			);
			defaultConfigurationIsVisible = 0;
			defaultConfigurationName = Release;
		};
		434886051C7D8BDC00A74872 /* Build configuration list for PBXNativeTarget "Tipster" */ = {
			isa = XCConfigurationList;
			buildConfigurations = (
				434886061C7D8BDC00A74872 /* Debug */,
				434886071C7D8BDC00A74872 /* Release */,
			);
			defaultConfigurationIsVisible = 0;
		};
		434886081C7D8BDC00A74872 /* Build configuration list for PBXNativeTarget "TipsterTests" */ = {
			isa = XCConfigurationList;
			buildConfigurations = (
				434886091C7D8BDC00A74872 /* Debug */,
				4348860A1C7D8BDC00A74872 /* Release */,
			);
			defaultConfigurationIsVisible = 0;
		};
		4348860B1C7D8BDC00A74872 /* Build configuration list for PBXNativeTarget "TipsterUITests" */ = {
			isa = XCConfigurationList;
			buildConfigurations = (
				4348860C1C7D8BDC00A74872 /* Debug */,
				4348860D1C7D8BDC00A74872 /* Release */,
			);
			defaultConfigurationIsVisible = 0;
		};
/* End XCConfigurationList section */
	};
	rootObject = 434885D51C7D8BDB00A74872 /* Project object */;
}
